
Microsoft Visual Studio Solution File, Format Version 12.00
# Visual Studio Version 17
VisualStudioVersion = 17.9.34723.18
MinimumVisualStudioVersion = 10.0.40219.1
Project("{FAE04EC0-301F-11D3-BF4B-00C04F79EFBC}") = "tictac", "tictac\tictac.csproj", "{E649D2C1-D3DF-43A2-8ABC-46F9FD84B237}"
EndProject
Global
	GlobalSection(SolutionConfigurationPlatforms) = preSolution
		Debug|Any CPU = Debug|Any CPU
		Release|Any CPU = Release|Any CPU
	EndGlobalSection
	GlobalSection(ProjectConfigurationPlatforms) = postSolution
		{E649D2C1-D3DF-43A2-8ABC-46F9FD84B237}.Debug|Any CPU.ActiveCfg = Debug|Any CPU
		{E649D2C1-D3DF-43A2-8ABC-46F9FD84B237}.Debug|Any CPU.Build.0 = Debug|Any CPU
		{E649D2C1-D3DF-43A2-8ABC-46F9FD84B237}.Release|Any CPU.ActiveCfg = Release|Any CPU
		{E649D2C1-D3DF-43A2-8ABC-46F9FD84B237}.Release|Any CPU.Build.0 = Release|Any CPU
	EndGlobalSection
	GlobalSection(SolutionProperties) = preSolution
		HideSolutionNode = FALSE
	EndGlobalSection
	GlobalSection(ExtensibilityGlobals) = postSolution
		SolutionGuid = {840355B7-8737-4EC9-AA02-95E44A038D93}
	EndGlobalSection
EndGlobal
